
Microsoft Visual Studio Solution File, Format Version 12.00
# Visual Studio Version 17
VisualStudioVersion = 17.7.34221.43
MinimumVisualStudioVersion = 10.0.40219.1
Project("{FAE04EC0-301F-11D3-BF4B-00C04F79EFBC}") = "ChattingProject", "ChattingProject\ChattingProject.csproj", "{36E96ADF-345C-43E9-8446-73195FCA50FC}"
EndProject
Global
	GlobalSection(SolutionConfigurationPlatforms) = preSolution
		Debug|Any CPU = Debug|Any CPU
		Release|Any CPU = Release|Any CPU
	EndGlobalSection
	GlobalSection(ProjectConfigurationPlatforms) = postSolution
		{36E96ADF-345C-43E9-8446-73195FCA50FC}.Debug|Any CPU.ActiveCfg = Debug|Any CPU
		{36E96ADF-345C-43E9-8446-73195FCA50FC}.Debug|Any CPU.Build.0 = Debug|Any CPU
		{36E96ADF-345C-43E9-8446-73195FCA50FC}.Release|Any CPU.ActiveCfg = Release|Any CPU
		{36E96ADF-345C-43E9-8446-73195FCA50FC}.Release|Any CPU.Build.0 = Release|Any CPU
	EndGlobalSection
	GlobalSection(SolutionProperties) = preSolution
		HideSolutionNode = FALSE
	EndGlobalSection
	GlobalSection(ExtensibilityGlobals) = postSolution
		SolutionGuid = {EE514C8E-B9B5-4BF0-96B3-E761E85EC392}
	EndGlobalSection
EndGlobal
